
Microsoft Visual Studio Solution File, Format Version 12.00
# Visual Studio 15
VisualStudioVersion = 15.0.28307.960
MinimumVisualStudioVersion = 10.0.40219.1
Project("{FAE04EC0-301F-11D3-BF4B-00C04F79EFBC}") = "GitHubproject", "GitHubproject\GitHubproject.csproj", "{DDB9E295-D328-480A-A21F-45DCE0818367}"
EndProject
Global
	GlobalSection(SolutionConfigurationPlatforms) = preSolution
		Debug|Any CPU = Debug|Any CPU
		Release|Any CPU = Release|Any CPU
	EndGlobalSection
	GlobalSection(ProjectConfigurationPlatforms) = postSolution
		{DDB9E295-D328-480A-A21F-45DCE0818367}.Debug|Any CPU.ActiveCfg = Debug|Any CPU
		{DDB9E295-D328-480A-A21F-45DCE0818367}.Debug|Any CPU.Build.0 = Debug|Any CPU
		{DDB9E295-D328-480A-A21F-45DCE0818367}.Release|Any CPU.ActiveCfg = Release|Any CPU
		{DDB9E295-D328-480A-A21F-45DCE0818367}.Release|Any CPU.Build.0 = Release|Any CPU
	EndGlobalSection
	GlobalSection(SolutionProperties) = preSolution
		HideSolutionNode = FALSE
	EndGlobalSection
	GlobalSection(ExtensibilityGlobals) = postSolution
		SolutionGuid = {97D032FA-7447-45A3-A769-3169E2915792}
	EndGlobalSection
EndGlobal
